// !$*UTF8*$!
{
	archiveVersion = 1;
	classes = {
	};
	objectVersion = 46;
	objects = {

/* Begin PBXBuildFile section */
		86346C381C5DE3CE0051F279 /* AppDelegate.swift in Sources */ = {isa = PBXBuildFile; fileRef = 86346C371C5DE3CE0051F279 /* AppDelegate.swift */; };
		86346C3A1C5DE3CE0051F279 /* ViewController.swift in Sources */ = {isa = PBXBuildFile; fileRef = 86346C391C5DE3CE0051F279 /* ViewController.swift */; };
		86346C3D1C5DE3CE0051F279 /* Main.storyboard in Resources */ = {isa = PBXBuildFile; fileRef = 86346C3B1C5DE3CE0051F279 /* Main.storyboard */; };
		86346C3F1C5DE3CE0051F279 /* Assets.xcassets in Resources */ = {isa = PBXBuildFile; fileRef = 86346C3E1C5DE3CE0051F279 /* Assets.xcassets */; };
		86346C421C5DE3CE0051F279 /* LaunchScreen.storyboard in Resources */ = {isa = PBXBuildFile; fileRef = 86346C401C5DE3CE0051F279 /* LaunchScreen.storyboard */; };
/* End PBXBuildFile section */

/* Begin PBXFileReference section */
		86346C341C5DE3CE0051F279 /* Flicker.app */ = {isa = PBXFileReference; explicitFileType = wrapper.application; includeInIndex = 0; path = Flicker.app; sourceTree = BUILT_PRODUCTS_DIR; };
		86346C371C5DE3CE0051F279 /* AppDelegate.swift */ = {isa = PBXFileReference; lastKnownFileType = sourcecode.swift; path = AppDelegate.swift; sourceTree = "<group>"; };
		86346C391C5DE3CE0051F279 /* ViewController.swift */ = {isa = PBXFileReference; lastKnownFileType = sourcecode.swift; path = ViewController.swift; sourceTree = "<group>"; };
		86346C3C1C5DE3CE0051F279 /* Base */ = {isa = PBXFileReference; lastKnownFileType = file.storyboard; name = Base; path = Base.lproj/Main.storyboard; sourceTree = "<group>"; };
		86346C3E1C5DE3CE0051F279 /* Assets.xcassets */ = {isa = PBXFileReference; lastKnownFileType = folder.assetcatalog; path = Assets.xcassets; sourceTree = "<group>"; };
		86346C411C5DE3CE0051F279 /* Base */ = {isa = PBXFileReference; lastKnownFileType = file.storyboard; name = Base; path = Base.lproj/LaunchScreen.storyboard; sourceTree = "<group>"; };
		86346C431C5DE3CE0051F279 /* Info.plist */ = {isa = PBXFileReference; lastKnownFileType = text.plist.xml; path = Info.plist; sourceTree = "<group>"; };
/* End PBXFileReference section */

/* Begin PBXFrameworksBuildPhase section */
		86346C311C5DE3CD0051F279 /* Frameworks */ = {
			isa = PBXFrameworksBuildPhase;
			buildActionMask = 2147483647;
			files = (
			);
			runOnlyForDeploymentPostprocessing = 0;
		};
/* End PBXFrameworksBuildPhase section */

/* Begin PBXGroup section */
		86346C2B1C5DE3CD0051F279 = {
			isa = PBXGroup;
			children = (
				86346C361C5DE3CE0051F279 /* Flicker */,
				86346C351C5DE3CE0051F279 /* Products */,
			);
			sourceTree = "<group>";
		};
		86346C351C5DE3CE0051F279 /* Products */ = {
			isa = PBXGroup;
			children = (
				86346C341C5DE3CE0051F279 /* Flicker.app */,
			);
			name = Products;
			sourceTree = "<group>";
		};
		86346C361C5DE3CE0051F279 /* Flicker */ = {
			isa = PBXGroup;
			children = (
				86346C371C5DE3CE0051F279 /* AppDelegate.swift */,
				86346C391C5DE3CE0051F279 /* ViewController.swift */,
				86346C3B1C5DE3CE0051F279 /* Main.storyboard */,
				86346C3E1C5DE3CE0051F279 /* Assets.xcassets */,
				86346C401C5DE3CE0051F279 /* LaunchScreen.storyboard */,
				86346C431C5DE3CE0051F279 /* Info.plist */,
			);
			path = Flicker;
			sourceTree = "<group>";
		};
/* End PBXGroup section */

/* Begin PBXNativeTarget section */
		86346C331C5DE3CD0051F279 /* Flicker */ = {
			isa = PBXNativeTarget;
			buildConfigurationList = 86346C461C5DE3CE0051F279 /* Build configuration list for PBXNativeTarget "Flicker" */;
			buildPhases = (
				86346C301C5DE3CD0051F279 /* Sources */,
				86346C311C5DE3CD0051F279 /* Frameworks */,
				86346C321C5DE3CD0051F279 /* Resources */,
			);
			buildRules = (
			);
			dependencies = (
			);
			name = Flicker;
			productName = Flicker;
			productReference = 86346C341C5DE3CE0051F279 /* Flicker.app */;
			productType = "com.apple.product-type.application";
		};
/* End PBXNativeTarget section */

/* Begin PBXProject section */
		86346C2C1C5DE3CD0051F279 /* Project object */ = {
			isa = PBXProject;
			attributes = {
				LastSwiftUpdateCheck = 0720;
				LastUpgradeCheck = 0720;
				ORGANIZATIONNAME = Melos;
				TargetAttributes = {
					86346C331C5DE3CD0051F279 = {
						CreatedOnToolsVersion = 7.2;
					};
				};
			};
			buildConfigurationList = 86346C2F1C5DE3CD0051F279 /* Build configuration list for PBXProject "Flicker" */;
			compatibilityVersion = "Xcode 3.2";
			developmentRegion = English;
			hasScannedForEncodings = 0;
			knownRegions = (
				en,
				Base,
			);
			mainGroup = 86346C2B1C5DE3CD0051F279;
			productRefGroup = 86346C351C5DE3CE0051F279 /* Products */;
			projectDirPath = "";
			projectRoot = "";
			targets = (
				86346C331C5DE3CD0051F279 /* Flicker */,
			);
		};
/* End PBXProject section */

/* Begin PBXResourcesBuildPhase section */
		86346C321C5DE3CD0051F279 /* Resources */ = {
			isa = PBXResourcesBuildPhase;
			buildActionMask = 2147483647;
			files = (
				86346C421C5DE3CE0051F279 /* LaunchScreen.storyboard in Resources */,
				86346C3F1C5DE3CE0051F279 /* Assets.xcassets in Resources */,
				86346C3D1C5DE3CE0051F279 /* Main.storyboard in Resources */,
			);
			runOnlyForDeploymentPostprocessing = 0;
		};
/* End PBXResourcesBuildPhase section */

/* Begin PBXSourcesBuildPhase section */
		86346C301C5DE3CD0051F279 /* Sources */ = {
			isa = PBXSourcesBuildPhase;
			buildActionMask = 2147483647;
			files = (
				86346C3A1C5DE3CE0051F279 /* ViewController.swift in Sources */,
				86346C381C5DE3CE0051F279 /* AppDelegate.swift in Sources */,
			);
			runOnlyForDeploymentPostprocessing = 0;
		};
/* End PBXSourcesBuildPhase section */

/* Begin PBXVariantGroup section */
		86346C3B1C5DE3CE0051F279 /* Main.storyboard */ = {
			isa = PBXVariantGroup;
			children = (
				86346C3C1C5DE3CE0051F279 /* Base */,
			);
			name = Main.storyboard;
			sourceTree = "<group>";
		};
		86346C401C5DE3CE0051F279 /* LaunchScreen.storyboard */ = {
			isa = PBXVariantGroup;
			children = (
				86346C411C5DE3CE0051F279 /* Base */,
			);
			name = LaunchScreen.storyboard;
			sourceTree = "<group>";
		};
/* End PBXVariantGroup section */

/* Begin XCBuildConfiguration section */
		86346C441C5DE3CE0051F279 /* Debug */ = {
			isa = XCBuildConfiguration;
			buildSettings = {
				ALWAYS_SEARCH_USER_PATHS = NO;
				CLANG_CXX_LANGUAGE_STANDARD = "gnu++0x";
				CLANG_CXX_LIBRARY = "libc++";
				CLANG_ENABLE_MODULES = YES;
				CLANG_ENABLE_OBJC_ARC = YES;
				CLANG_WARN_BOOL_CONVERSION = YES;
				CLANG_WARN_CONSTANT_CONVERSION = YES;
				CLANG_WARN_DIRECT_OBJC_ISA_USAGE = YES_ERROR;
				CLANG_WARN_EMPTY_BODY = YES;
				CLANG_WARN_ENUM_CONVERSION = YES;
				CLANG_WARN_INT_CONVERSION = YES;
				CLANG_WARN_OBJC_ROOT_CLASS = YES_ERROR;
				CLANG_WARN_UNREACHABLE_CODE = YES;
				CLANG_WARN__DUPLICATE_METHOD_MATCH = YES;
				"CODE_SIGN_IDENTITY[sdk=iphoneos*]" = "iPhone Developer";
				COPY_PHASE_STRIP = NO;
				DEBUG_INFORMATION_FORMAT = dwarf;
				ENABLE_STRICT_OBJC_MSGSEND = YES;
				ENABLE_TESTABILITY = YES;
				GCC_C_LANGUAGE_STANDARD = gnu99;
				GCC_DYNAMIC_NO_PIC = NO;
				GCC_NO_COMMON_BLOCKS = YES;
				GCC_OPTIMIZATION_LEVEL = 0;
				GCC_PREPROCESSOR_DEFINITIONS = (
					"DEBUG=1",
					"$(inherited)",
				);
				GCC_WARN_64_TO_32_BIT_CONVERSION = YES;
				GCC_WARN_ABOUT_RETURN_TYPE = YES_ERROR;
				GCC_WARN_UNDECLARED_SELECTOR = YES;
				GCC_WARN_UNINITIALIZED_AUTOS = YES_AGGRESSIVE;
				GCC_WARN_UNUSED_FUNCTION = YES;
				GCC_WARN_UNUSED_VARIABLE = YES;
				IPHONEOS_DEPLOYMENT_TARGET = 9.2;
				MTL_ENABLE_DEBUG_INFO = YES;
				ONLY_ACTIVE_ARCH = YES;
				SDKROOT = iphoneos;
				SWIFT_OPTIMIZATION_LEVEL = "-Onone";
				TARGETED_DEVICE_FAMILY = "1,2";
			};
			name = Debug;
		};
		86346C451C5DE3CE0051F279 /* Release */ = {
			isa = XCBuildConfiguration;
			buildSettings = {
				ALWAYS_SEARCH_USER_PATHS = NO;
				CLANG_CXX_LANGUAGE_STANDARD = "gnu++0x";
				CLANG_CXX_LIBRARY = "libc++";
				CLANG_ENABLE_MODULES = YES;
				CLANG_ENABLE_OBJC_ARC = YES;
				CLANG_WARN_BOOL_CONVERSION = YES;
				CLANG_WARN_CONSTANT_CONVERSION = YES;
				CLANG_WARN_DIRECT_OBJC_ISA_USAGE = YES_ERROR;
				CLANG_WARN_EMPTY_BODY = YES;
				CLANG_WARN_ENUM_CONVERSION = YES;
				CLANG_WARN_INT_CONVERSION = YES;
				CLANG_WARN_OBJC_ROOT_CLASS = YES_ERROR;
				CLANG_WARN_UNREACHABLE_CODE = YES;
				CLANG_WARN__DUPLICATE_METHOD_MATCH = YES;
				"CODE_SIGN_IDENTITY[sdk=iphoneos*]" = "iPhone Developer";
				COPY_PHASE_STRIP = NO;
				DEBUG_INFORMATION_FORMAT = "dwarf-with-dsym";
				ENABLE_NS_ASSERTIONS = NO;
				ENABLE_STRICT_OBJC_MSGSEND = YES;
				GCC_C_LANGUAGE_STANDARD = gnu99;
				GCC_NO_COMMON_BLOCKS = YES;
				GCC_WARN_64_TO_32_BIT_CONVERSION = YES;
				GCC_WARN_ABOUT_RETURN_TYPE = YES_ERROR;
				GCC_WARN_UNDECLARED_SELECTOR = YES;
				GCC_WARN_UNINITIALIZED_AUTOS = YES_AGGRESSIVE;
				GCC_WARN_UNUSED_FUNCTION = YES;
				GCC_WARN_UNUSED_VARIABLE = YES;
				IPHONEOS_DEPLOYMENT_TARGET = 9.2;
				MTL_ENABLE_DEBUG_INFO = NO;
				SDKROOT = iphoneos;
				TARGETED_DEVICE_FAMILY = "1,2";
				VALIDATE_PRODUCT = YES;
			};
			name = Release;
		};
		86346C471C5DE3CE0051F279 /* Debug */ = {
			isa = XCBuildConfiguration;
			buildSettings = {
				ASSETCATALOG_COMPILER_APPICON_NAME = AppIcon;
				INFOPLIST_FILE = Flicker/Info.plist;
				LD_RUNPATH_SEARCH_PATHS = "$(inherited) @executable_path/Frameworks";
				PRODUCT_BUNDLE_IDENTIFIER = codePath.com.Flicker;
				PRODUCT_NAME = "$(TARGET_NAME)";
			};
			name = Debug;
		};
		86346C481C5DE3CE0051F279 /* Release */ = {
			isa = XCBuildConfiguration;
			buildSettings = {
				ASSETCATALOG_COMPILER_APPICON_NAME = AppIcon;
				INFOPLIST_FILE = Flicker/Info.plist;
				LD_RUNPATH_SEARCH_PATHS = "$(inherited) @executable_path/Frameworks";
				PRODUCT_BUNDLE_IDENTIFIER = codePath.com.Flicker;
				PRODUCT_NAME = "$(TARGET_NAME)";
			};
			name = Release;
		};
/* End XCBuildConfiguration section */

/* Begin XCConfigurationList section */
		86346C2F1C5DE3CD0051F279 /* Build configuration list for PBXProject "Flicker" */ = {
			isa = XCConfigurationList;
			buildConfigurations = (
				86346C441C5DE3CE0051F279 /* Debug */,
				86346C451C5DE3CE0051F279 /* Release */,
			);
			defaultConfigurationIsVisible = 0;
			defaultConfigurationName = Release;
		};
		86346C461C5DE3CE0051F279 /* Build configuration list for PBXNativeTarget "Flicker" */ = {
			isa = XCConfigurationList;
			buildConfigurations = (
				86346C471C5DE3CE0051F279 /* Debug */,
				86346C481C5DE3CE0051F279 /* Release */,
			);
			defaultConfigurationIsVisible = 0;
		};
/* End XCConfigurationList section */
	};
	rootObject = 86346C2C1C5DE3CD0051F279 /* Project object */;
}
